
Microsoft Visual Studio Solution File, Format Version 12.00
# Visual Studio Version 16
VisualStudioVersion = 16.0.31515.178
MinimumVisualStudioVersion = 10.0.40219.1
Project("{FAE04EC0-301F-11D3-BF4B-00C04F79EFBC}") = "PerimetroCuadrado", "PerimetroCuadrado\PerimetroCuadrado.csproj", "{E4283AC6-CE2D-41A0-A22A-A2914884DA7F}"
EndProject
Global
	GlobalSection(SolutionConfigurationPlatforms) = preSolution
		Debug|Any CPU = Debug|Any CPU
		Release|Any CPU = Release|Any CPU
	EndGlobalSection
	GlobalSection(ProjectConfigurationPlatforms) = postSolution
		{E4283AC6-CE2D-41A0-A22A-A2914884DA7F}.Debug|Any CPU.ActiveCfg = Debug|Any CPU
		{E4283AC6-CE2D-41A0-A22A-A2914884DA7F}.Debug|Any CPU.Build.0 = Debug|Any CPU
		{E4283AC6-CE2D-41A0-A22A-A2914884DA7F}.Release|Any CPU.ActiveCfg = Release|Any CPU
		{E4283AC6-CE2D-41A0-A22A-A2914884DA7F}.Release|Any CPU.Build.0 = Release|Any CPU
	EndGlobalSection
	GlobalSection(SolutionProperties) = preSolution
		HideSolutionNode = FALSE
	EndGlobalSection
	GlobalSection(ExtensibilityGlobals) = postSolution
		SolutionGuid = {92A73CEE-6C50-4BFD-9775-D0C51F369E7A}
	EndGlobalSection
EndGlobal
