
Microsoft Visual Studio Solution File, Format Version 12.00
# Visual Studio Version 16
VisualStudioVersion = 16.0.31515.178
MinimumVisualStudioVersion = 10.0.40219.1
Project("{FAE04EC0-301F-11D3-BF4B-00C04F79EFBC}") = "Proyecto2", "Proyecto2\Proyecto2.csproj", "{90092879-4A73-4193-B1BB-6BBF86A5C0BD}"
EndProject
Global
	GlobalSection(SolutionConfigurationPlatforms) = preSolution
		Debug|Any CPU = Debug|Any CPU
		Release|Any CPU = Release|Any CPU
	EndGlobalSection
	GlobalSection(ProjectConfigurationPlatforms) = postSolution
		{90092879-4A73-4193-B1BB-6BBF86A5C0BD}.Debug|Any CPU.ActiveCfg = Debug|Any CPU
		{90092879-4A73-4193-B1BB-6BBF86A5C0BD}.Debug|Any CPU.Build.0 = Debug|Any CPU
		{90092879-4A73-4193-B1BB-6BBF86A5C0BD}.Release|Any CPU.ActiveCfg = Release|Any CPU
		{90092879-4A73-4193-B1BB-6BBF86A5C0BD}.Release|Any CPU.Build.0 = Release|Any CPU
	EndGlobalSection
	GlobalSection(SolutionProperties) = preSolution
		HideSolutionNode = FALSE
	EndGlobalSection
	GlobalSection(ExtensibilityGlobals) = postSolution
		SolutionGuid = {A1E370BB-6470-45DA-923C-FE23CD120BF1}
	EndGlobalSection
EndGlobal
