
Microsoft Visual Studio Solution File, Format Version 12.00
# Visual Studio Version 16
VisualStudioVersion = 16.0.31515.178
MinimumVisualStudioVersion = 10.0.40219.1
Project("{FAE04EC0-301F-11D3-BF4B-00C04F79EFBC}") = "EstructuraCondicionalAnidada1", "EstructuraCondicionalAnidada1\EstructuraCondicionalAnidada1.csproj", "{C067632B-EB86-4A65-B59B-2DB40ABF7BB0}"
EndProject
Global
	GlobalSection(SolutionConfigurationPlatforms) = preSolution
		Debug|Any CPU = Debug|Any CPU
		Release|Any CPU = Release|Any CPU
	EndGlobalSection
	GlobalSection(ProjectConfigurationPlatforms) = postSolution
		{C067632B-EB86-4A65-B59B-2DB40ABF7BB0}.Debug|Any CPU.ActiveCfg = Debug|Any CPU
		{C067632B-EB86-4A65-B59B-2DB40ABF7BB0}.Debug|Any CPU.Build.0 = Debug|Any CPU
		{C067632B-EB86-4A65-B59B-2DB40ABF7BB0}.Release|Any CPU.ActiveCfg = Release|Any CPU
		{C067632B-EB86-4A65-B59B-2DB40ABF7BB0}.Release|Any CPU.Build.0 = Release|Any CPU
	EndGlobalSection
	GlobalSection(SolutionProperties) = preSolution
		HideSolutionNode = FALSE
	EndGlobalSection
	GlobalSection(ExtensibilityGlobals) = postSolution
		SolutionGuid = {6A617BBA-8EC7-4017-846B-790D163C0E14}
	EndGlobalSection
EndGlobal
